
Microsoft Visual Studio Solution File, Format Version 12.00
# Visual Studio 15
VisualStudioVersion = 15.0.27703.2042
MinimumVisualStudioVersion = 10.0.40219.1
Project("{9A19103F-16F7-4668-BE54-9A1E7A4F7556}") = "ZF.Personal.Mentor.Core.Data", "ZF.Personal.Mentor.Core.Data\ZF.Personal.Mentor.Core.Data.csproj", "{F739D2F7-2F15-4FC8-9EAA-7B23CDD4E6A8}"
EndProject
Project("{9A19103F-16F7-4668-BE54-9A1E7A4F7556}") = "ZF.Personal.Mentor.Core.Domain", "ZF.Personal.Mentor.Core.Domain\ZF.Personal.Mentor.Core.Domain.csproj", "{3BAFDB09-FE07-4E01-BC5B-A11B1EA712D9}"
EndProject
Project("{FAE04EC0-301F-11D3-BF4B-00C04F79EFBC}") = "ZF.Personal.Mentor.Core.Web", "ZF.Personal.Mentor.Core.Web\ZF.Personal.Mentor.Core.Web.csproj", "{74208130-57E7-4BFF-9079-7912CBAC57AB}"
EndProject
Global
	GlobalSection(SolutionConfigurationPlatforms) = preSolution
		Debug|Any CPU = Debug|Any CPU
		Release|Any CPU = Release|Any CPU
	EndGlobalSection
	GlobalSection(ProjectConfigurationPlatforms) = postSolution
		{F739D2F7-2F15-4FC8-9EAA-7B23CDD4E6A8}.Debug|Any CPU.ActiveCfg = Debug|Any CPU
		{F739D2F7-2F15-4FC8-9EAA-7B23CDD4E6A8}.Debug|Any CPU.Build.0 = Debug|Any CPU
		{F739D2F7-2F15-4FC8-9EAA-7B23CDD4E6A8}.Release|Any CPU.ActiveCfg = Release|Any CPU
		{F739D2F7-2F15-4FC8-9EAA-7B23CDD4E6A8}.Release|Any CPU.Build.0 = Release|Any CPU
		{3BAFDB09-FE07-4E01-BC5B-A11B1EA712D9}.Debug|Any CPU.ActiveCfg = Debug|Any CPU
		{3BAFDB09-FE07-4E01-BC5B-A11B1EA712D9}.Debug|Any CPU.Build.0 = Debug|Any CPU
		{3BAFDB09-FE07-4E01-BC5B-A11B1EA712D9}.Release|Any CPU.ActiveCfg = Release|Any CPU
		{3BAFDB09-FE07-4E01-BC5B-A11B1EA712D9}.Release|Any CPU.Build.0 = Release|Any CPU
		{74208130-57E7-4BFF-9079-7912CBAC57AB}.Debug|Any CPU.ActiveCfg = Debug|Any CPU
		{74208130-57E7-4BFF-9079-7912CBAC57AB}.Debug|Any CPU.Build.0 = Debug|Any CPU
		{74208130-57E7-4BFF-9079-7912CBAC57AB}.Release|Any CPU.ActiveCfg = Release|Any CPU
		{74208130-57E7-4BFF-9079-7912CBAC57AB}.Release|Any CPU.Build.0 = Release|Any CPU
	EndGlobalSection
	GlobalSection(SolutionProperties) = preSolution
		HideSolutionNode = FALSE
	EndGlobalSection
	GlobalSection(ExtensibilityGlobals) = postSolution
		SolutionGuid = {F0F486AF-4452-4B23-97E0-01EAE919CCA7}
	EndGlobalSection
EndGlobal
